{
  "nodes": {
    "crate2nix": {
      "flake": false,
      "locked": {
        "lastModified": 1631874825,
        "narHash": "sha256-VvsIUwCKL+3+wWuN0GLMVlmVM8EUEIvjXvWXYmq6y0w=",
        "owner": "kolloch",
        "repo": "crate2nix",
        "rev": "27c980cf339a2d1e9256156b86f765364512f134",
        "type": "github"
      },
      "original": {
        "owner": "kolloch",
        "repo": "crate2nix",
        "type": "github"
      }
    },
    "flake-utils": {
      "locked": {
        "lastModified": 1631561581,
        "narHash": "sha256-3VQMV5zvxaVLvqqUrNz3iJelLw30mIVSfZmAaauM3dA=",
        "owner": "numtide",
        "repo": "flake-utils",
        "rev": "7e5bf3925f6fbdfaf50a2a7ca0be2879c4261d19",
        "type": "github"
      },
      "original": {
        "owner": "numtide",
        "repo": "flake-utils",
        "type": "github"
      }
    },
    "flake-utils_2": {
      "locked": {
        "lastModified": 1623875721,
        "narHash": "sha256-A8BU7bjS5GirpAUv4QA+QnJ4CceLHkcXdRp4xITDB0s=",
        "owner": "numtide",
        "repo": "flake-utils",
        "rev": "f7e004a55b120c02ecb6219596820fcd32ca8772",
        "type": "github"
      },
      "original": {
        "owner": "numtide",
        "repo": "flake-utils",
        "type": "github"
      }
    },
    "nixpkgs": {
      "locked": {
        "host": "git.sr.ht.kleen.org",
        "lastModified": 1647958136,
        "narHash": "sha256-xhk8qtipMq2zHBZ2q/obien+grcRmFD8KV0jjjwdP/U=",
        "owner": "~vkleen",
        "repo": "nixpkgs",
        "rev": "c4233257cffb6d0ec07865260bb0b896753d8e21",
        "type": "sourcehut"
      },
      "original": {
        "host": "git.sr.ht.kleen.org",
        "owner": "~vkleen",
        "repo": "nixpkgs",
        "type": "sourcehut"
      }
    },
    "root": {
      "inputs": {
        "crate2nix": "crate2nix",
        "flake-utils": "flake-utils",
        "nixpkgs": "nixpkgs",
        "rust-overlay": "rust-overlay"
      }
    },
    "rust-overlay": {
      "inputs": {
        "flake-utils": "flake-utils_2",
        "nixpkgs": [
          "nixpkgs"
        ]
      },
      "locked": {
        "lastModified": 1632017785,
        "narHash": "sha256-FfH9XZYjm8G2CUzXjZjp6+uPyxXm1gpSpkO38pEXmBY=",
        "owner": "oxalica",
        "repo": "rust-overlay",
        "rev": "f72d85edf34b3ca7a07d6fe6c1ac97c31aed28ed",
        "type": "github"
      },
      "original": {
        "owner": "oxalica",
        "repo": "rust-overlay",
        "type": "github"
      }
    }
  },
  "root": "root",
  "version": 7
}
